{
  "name": "new-ajs",
  "version": "1.0.0",
  "lockfileVersion": 3,
  "requires": true,
  "packages": {
    "": {
      "name": "new-ajs",
      "version": "1.0.0",
      "license": "ISC",
      "dependencies": {
        "@dmitrykhay/ajs": "^1.0.0"
      }
    },
    "node_modules/@dmitrykhay/ajs": {
      "version": "1.0.0",
      "resolved": "https://npm.pkg.github.com/download/@dmitrykhay/ajs/1.0.0/3804e3516a0510dc802c759821dd9ca4fc013345",
      "integrity": "sha512-ZXhf+XCWBqLvR3FoYZUh3WIes4rooACGc73m3sqI7M+GBMPljVZv+Gtz+SeMeBqSjROu6Cs6C3ZKZLsBhPceBQ==",
      "license": "ISC"
    }
  }
}
